
Microsoft Visual Studio Solution File, Format Version 12.00
# Visual Studio Version 17
VisualStudioVersion = 17.7.34024.191
MinimumVisualStudioVersion = 10.0.40219.1
Project("{8BC9CEB8-8B4A-11D0-8D11-00A0C91BC942}") = "ConsoleApplication1", "ConsoleApplication1\ConsoleApplication1.vcxproj", "{CA48E197-9DFF-426C-BA09-1BFAEC3CEE26}"
EndProject
Project("{2150E333-8FDC-42A3-9474-1A3956D46DE8}") = "01.Podstawy", "01.Podstawy", "{30685B30-68F8-49C5-850E-24777647597B}"
EndProject
Project("{2150E333-8FDC-42A3-9474-1A3956D46DE8}") = "02.Instrukcje decyzyjne", "02.Instrukcje decyzyjne", "{56C09B06-D6ED-4A87-AC43-244D1D72E91F}"
EndProject
Project("{8BC9CEB8-8B4A-11D0-8D11-00A0C91BC942}") = "InstructionIfConsoleApplication", "InstructionIfConsoleApplication\InstructionIfConsoleApplication.vcxproj", "{78F693A8-2CF5-4A5E-B04F-C49AF41B6417}"
EndProject
Project("{8BC9CEB8-8B4A-11D0-8D11-00A0C91BC942}") = "LoopConsoleApplication", "LoopConsoleApplication\LoopConsoleApplication.vcxproj", "{18873687-24C4-480C-8B0A-1CB9034731EE}"
EndProject
Project("{2150E333-8FDC-42A3-9474-1A3956D46DE8}") = "03.Kolekcje", "03.Kolekcje", "{5129FC12-3CE4-4B14-ADAE-5677975DB269}"
EndProject
Project("{8BC9CEB8-8B4A-11D0-8D11-00A0C91BC942}") = "StringConsoleApplication", "StringConsoleApplication\StringConsoleApplication.vcxproj", "{CEF83E3E-8322-4575-BED0-CA65671EC947}"
EndProject
Project("{8BC9CEB8-8B4A-11D0-8D11-00A0C91BC942}") = "ArrayConsoleApplication", "ArreyConsoleApplication\ArreyConsoleApplication.vcxproj", "{E0EF71D0-B7EB-473A-BC26-6ED48360A32A}"
EndProject
Project("{2150E333-8FDC-42A3-9474-1A3956D46DE8}") = "05.Struktury", "05.Struktury", "{CD3FB32F-4DC3-4B72-8198-BA0C19354217}"
EndProject
Project("{8BC9CEB8-8B4A-11D0-8D11-00A0C91BC942}") = "StructConsoleApplication", "StructConsoleApplication\StructConsoleApplication.vcxproj", "{3C34D8FB-32E4-4C14-976C-19D6439CFBD6}"
EndProject
Project("{2150E333-8FDC-42A3-9474-1A3956D46DE8}") = "04.Funkcje", "04.Funkcje", "{9D077A18-25A3-467D-93E5-84FC658E7A1B}"
EndProject
Project("{8BC9CEB8-8B4A-11D0-8D11-00A0C91BC942}") = "TicTacToeConsoleApplication", "TicTacToeConsoleApplication\TicTacToeConsoleApplication.vcxproj", "{6ECEC853-3234-4AF3-896E-F28C80AF9D65}"
EndProject
Project("{2150E333-8FDC-42A3-9474-1A3956D46DE8}") = "Programowanie obiektowe", "Programowanie obiektowe", "{4B5A8489-FB17-4B3A-A27E-63A3A4B59F5A}"
EndProject
Project("{2150E333-8FDC-42A3-9474-1A3956D46DE8}") = "Programowanie strukturalne", "Programowanie strukturalne", "{CA480F57-0306-4725-A5A9-B852A49225F1}"
EndProject
Project("{2150E333-8FDC-42A3-9474-1A3956D46DE8}") = "01.Podstawy", "01.Podstawy", "{C136FDB3-AA84-4FAC-8BC9-67077F88236E}"
EndProject
Project("{8BC9CEB8-8B4A-11D0-8D11-00A0C91BC942}") = "FirstObjectConsoleApplication", "FirstObjectConsoleApplication\FirstObjectConsoleApplication.vcxproj", "{51305D3E-8F2D-45E6-9939-6673A185EF08}"
EndProject
Project("{2150E333-8FDC-42A3-9474-1A3956D46DE8}") = "02.Dziedziczenie", "02.Dziedziczenie", "{5E057692-3D8C-48B3-8EA1-46401E02ADF5}"
EndProject
Project("{8BC9CEB8-8B4A-11D0-8D11-00A0C91BC942}") = "FirstInheritanceConsoleApplication", "FirstInheritanceConsoleApplication\FirstInheritanceConsoleApplication.vcxproj", "{074CDB79-1134-4647-90D6-345FBDED7D83}"
EndProject
Global
	GlobalSection(SolutionConfigurationPlatforms) = preSolution
		Debug|x64 = Debug|x64
		Debug|x86 = Debug|x86
		Release|x64 = Release|x64
		Release|x86 = Release|x86
	EndGlobalSection
	GlobalSection(ProjectConfigurationPlatforms) = postSolution
		{CA48E197-9DFF-426C-BA09-1BFAEC3CEE26}.Debug|x64.ActiveCfg = Debug|x64
		{CA48E197-9DFF-426C-BA09-1BFAEC3CEE26}.Debug|x64.Build.0 = Debug|x64
		{CA48E197-9DFF-426C-BA09-1BFAEC3CEE26}.Debug|x86.ActiveCfg = Debug|Win32
		{CA48E197-9DFF-426C-BA09-1BFAEC3CEE26}.Debug|x86.Build.0 = Debug|Win32
		{CA48E197-9DFF-426C-BA09-1BFAEC3CEE26}.Release|x64.ActiveCfg = Release|x64
		{CA48E197-9DFF-426C-BA09-1BFAEC3CEE26}.Release|x64.Build.0 = Release|x64
		{CA48E197-9DFF-426C-BA09-1BFAEC3CEE26}.Release|x86.ActiveCfg = Release|Win32
		{CA48E197-9DFF-426C-BA09-1BFAEC3CEE26}.Release|x86.Build.0 = Release|Win32
		{78F693A8-2CF5-4A5E-B04F-C49AF41B6417}.Debug|x64.ActiveCfg = Debug|x64
		{78F693A8-2CF5-4A5E-B04F-C49AF41B6417}.Debug|x64.Build.0 = Debug|x64
		{78F693A8-2CF5-4A5E-B04F-C49AF41B6417}.Debug|x86.ActiveCfg = Debug|Win32
		{78F693A8-2CF5-4A5E-B04F-C49AF41B6417}.Debug|x86.Build.0 = Debug|Win32
		{78F693A8-2CF5-4A5E-B04F-C49AF41B6417}.Release|x64.ActiveCfg = Release|x64
		{78F693A8-2CF5-4A5E-B04F-C49AF41B6417}.Release|x64.Build.0 = Release|x64
		{78F693A8-2CF5-4A5E-B04F-C49AF41B6417}.Release|x86.ActiveCfg = Release|Win32
		{78F693A8-2CF5-4A5E-B04F-C49AF41B6417}.Release|x86.Build.0 = Release|Win32
		{18873687-24C4-480C-8B0A-1CB9034731EE}.Debug|x64.ActiveCfg = Debug|x64
		{18873687-24C4-480C-8B0A-1CB9034731EE}.Debug|x64.Build.0 = Debug|x64
		{18873687-24C4-480C-8B0A-1CB9034731EE}.Debug|x86.ActiveCfg = Debug|Win32
		{18873687-24C4-480C-8B0A-1CB9034731EE}.Debug|x86.Build.0 = Debug|Win32
		{18873687-24C4-480C-8B0A-1CB9034731EE}.Release|x64.ActiveCfg = Release|x64
		{18873687-24C4-480C-8B0A-1CB9034731EE}.Release|x64.Build.0 = Release|x64
		{18873687-24C4-480C-8B0A-1CB9034731EE}.Release|x86.ActiveCfg = Release|Win32
		{18873687-24C4-480C-8B0A-1CB9034731EE}.Release|x86.Build.0 = Release|Win32
		{CEF83E3E-8322-4575-BED0-CA65671EC947}.Debug|x64.ActiveCfg = Debug|x64
		{CEF83E3E-8322-4575-BED0-CA65671EC947}.Debug|x64.Build.0 = Debug|x64
		{CEF83E3E-8322-4575-BED0-CA65671EC947}.Debug|x86.ActiveCfg = Debug|Win32
		{CEF83E3E-8322-4575-BED0-CA65671EC947}.Debug|x86.Build.0 = Debug|Win32
		{CEF83E3E-8322-4575-BED0-CA65671EC947}.Release|x64.ActiveCfg = Release|x64
		{CEF83E3E-8322-4575-BED0-CA65671EC947}.Release|x64.Build.0 = Release|x64
		{CEF83E3E-8322-4575-BED0-CA65671EC947}.Release|x86.ActiveCfg = Release|Win32
		{CEF83E3E-8322-4575-BED0-CA65671EC947}.Release|x86.Build.0 = Release|Win32
		{E0EF71D0-B7EB-473A-BC26-6ED48360A32A}.Debug|x64.ActiveCfg = Debug|x64
		{E0EF71D0-B7EB-473A-BC26-6ED48360A32A}.Debug|x64.Build.0 = Debug|x64
		{E0EF71D0-B7EB-473A-BC26-6ED48360A32A}.Debug|x86.ActiveCfg = Debug|Win32
		{E0EF71D0-B7EB-473A-BC26-6ED48360A32A}.Debug|x86.Build.0 = Debug|Win32
		{E0EF71D0-B7EB-473A-BC26-6ED48360A32A}.Release|x64.ActiveCfg = Release|x64
		{E0EF71D0-B7EB-473A-BC26-6ED48360A32A}.Release|x64.Build.0 = Release|x64
		{E0EF71D0-B7EB-473A-BC26-6ED48360A32A}.Release|x86.ActiveCfg = Release|Win32
		{E0EF71D0-B7EB-473A-BC26-6ED48360A32A}.Release|x86.Build.0 = Release|Win32
		{3C34D8FB-32E4-4C14-976C-19D6439CFBD6}.Debug|x64.ActiveCfg = Debug|x64
		{3C34D8FB-32E4-4C14-976C-19D6439CFBD6}.Debug|x64.Build.0 = Debug|x64
		{3C34D8FB-32E4-4C14-976C-19D6439CFBD6}.Debug|x86.ActiveCfg = Debug|Win32
		{3C34D8FB-32E4-4C14-976C-19D6439CFBD6}.Debug|x86.Build.0 = Debug|Win32
		{3C34D8FB-32E4-4C14-976C-19D6439CFBD6}.Release|x64.ActiveCfg = Release|x64
		{3C34D8FB-32E4-4C14-976C-19D6439CFBD6}.Release|x64.Build.0 = Release|x64
		{3C34D8FB-32E4-4C14-976C-19D6439CFBD6}.Release|x86.ActiveCfg = Release|Win32
		{3C34D8FB-32E4-4C14-976C-19D6439CFBD6}.Release|x86.Build.0 = Release|Win32
		{6ECEC853-3234-4AF3-896E-F28C80AF9D65}.Debug|x64.ActiveCfg = Debug|x64
		{6ECEC853-3234-4AF3-896E-F28C80AF9D65}.Debug|x64.Build.0 = Debug|x64
		{6ECEC853-3234-4AF3-896E-F28C80AF9D65}.Debug|x86.ActiveCfg = Debug|Win32
		{6ECEC853-3234-4AF3-896E-F28C80AF9D65}.Debug|x86.Build.0 = Debug|Win32
		{6ECEC853-3234-4AF3-896E-F28C80AF9D65}.Release|x64.ActiveCfg = Release|x64
		{6ECEC853-3234-4AF3-896E-F28C80AF9D65}.Release|x64.Build.0 = Release|x64
		{6ECEC853-3234-4AF3-896E-F28C80AF9D65}.Release|x86.ActiveCfg = Release|Win32
		{6ECEC853-3234-4AF3-896E-F28C80AF9D65}.Release|x86.Build.0 = Release|Win32
		{51305D3E-8F2D-45E6-9939-6673A185EF08}.Debug|x64.ActiveCfg = Debug|x64
		{51305D3E-8F2D-45E6-9939-6673A185EF08}.Debug|x64.Build.0 = Debug|x64
		{51305D3E-8F2D-45E6-9939-6673A185EF08}.Debug|x86.ActiveCfg = Debug|Win32
		{51305D3E-8F2D-45E6-9939-6673A185EF08}.Debug|x86.Build.0 = Debug|Win32
		{51305D3E-8F2D-45E6-9939-6673A185EF08}.Release|x64.ActiveCfg = Release|x64
		{51305D3E-8F2D-45E6-9939-6673A185EF08}.Release|x64.Build.0 = Release|x64
		{51305D3E-8F2D-45E6-9939-6673A185EF08}.Release|x86.ActiveCfg = Release|Win32
		{51305D3E-8F2D-45E6-9939-6673A185EF08}.Release|x86.Build.0 = Release|Win32
		{074CDB79-1134-4647-90D6-345FBDED7D83}.Debug|x64.ActiveCfg = Debug|x64
		{074CDB79-1134-4647-90D6-345FBDED7D83}.Debug|x64.Build.0 = Debug|x64
		{074CDB79-1134-4647-90D6-345FBDED7D83}.Debug|x86.ActiveCfg = Debug|Win32
		{074CDB79-1134-4647-90D6-345FBDED7D83}.Debug|x86.Build.0 = Debug|Win32
		{074CDB79-1134-4647-90D6-345FBDED7D83}.Release|x64.ActiveCfg = Release|x64
		{074CDB79-1134-4647-90D6-345FBDED7D83}.Release|x64.Build.0 = Release|x64
		{074CDB79-1134-4647-90D6-345FBDED7D83}.Release|x86.ActiveCfg = Release|Win32
		{074CDB79-1134-4647-90D6-345FBDED7D83}.Release|x86.Build.0 = Release|Win32
	EndGlobalSection
	GlobalSection(SolutionProperties) = preSolution
		HideSolutionNode = FALSE
	EndGlobalSection
	GlobalSection(NestedProjects) = preSolution
		{CA48E197-9DFF-426C-BA09-1BFAEC3CEE26} = {30685B30-68F8-49C5-850E-24777647597B}
		{30685B30-68F8-49C5-850E-24777647597B} = {CA480F57-0306-4725-A5A9-B852A49225F1}
		{56C09B06-D6ED-4A87-AC43-244D1D72E91F} = {CA480F57-0306-4725-A5A9-B852A49225F1}
		{78F693A8-2CF5-4A5E-B04F-C49AF41B6417} = {56C09B06-D6ED-4A87-AC43-244D1D72E91F}
		{18873687-24C4-480C-8B0A-1CB9034731EE} = {56C09B06-D6ED-4A87-AC43-244D1D72E91F}
		{5129FC12-3CE4-4B14-ADAE-5677975DB269} = {CA480F57-0306-4725-A5A9-B852A49225F1}
		{CEF83E3E-8322-4575-BED0-CA65671EC947} = {5129FC12-3CE4-4B14-ADAE-5677975DB269}
		{E0EF71D0-B7EB-473A-BC26-6ED48360A32A} = {5129FC12-3CE4-4B14-ADAE-5677975DB269}
		{CD3FB32F-4DC3-4B72-8198-BA0C19354217} = {CA480F57-0306-4725-A5A9-B852A49225F1}
		{3C34D8FB-32E4-4C14-976C-19D6439CFBD6} = {CD3FB32F-4DC3-4B72-8198-BA0C19354217}
		{9D077A18-25A3-467D-93E5-84FC658E7A1B} = {CA480F57-0306-4725-A5A9-B852A49225F1}
		{6ECEC853-3234-4AF3-896E-F28C80AF9D65} = {9D077A18-25A3-467D-93E5-84FC658E7A1B}
		{C136FDB3-AA84-4FAC-8BC9-67077F88236E} = {4B5A8489-FB17-4B3A-A27E-63A3A4B59F5A}
		{51305D3E-8F2D-45E6-9939-6673A185EF08} = {C136FDB3-AA84-4FAC-8BC9-67077F88236E}
		{5E057692-3D8C-48B3-8EA1-46401E02ADF5} = {4B5A8489-FB17-4B3A-A27E-63A3A4B59F5A}
		{074CDB79-1134-4647-90D6-345FBDED7D83} = {5E057692-3D8C-48B3-8EA1-46401E02ADF5}
	EndGlobalSection
	GlobalSection(ExtensibilityGlobals) = postSolution
		SolutionGuid = {0157C18C-907B-49E0-B423-E2FE8286EE28}
	EndGlobalSection
EndGlobal
